
Microsoft Visual Studio Solution File, Format Version 12.00
# Visual Studio Version 16
VisualStudioVersion = 16.0.32413.511
MinimumVisualStudioVersion = 10.0.40219.1
Project("{FAE04EC0-301F-11D3-BF4B-00C04F79EFBC}") = "DemoMapas.UWP", "DemoMapas\DemoMapas.UWP\DemoMapas.UWP.csproj", "{8E62BAC5-BFEA-4FE1-992A-1B1473D54CC1}"
EndProject
Project("{FAE04EC0-301F-11D3-BF4B-00C04F79EFBC}") = "DemoMapas.Android", "DemoMapas\DemoMapas.Android\DemoMapas.Android.csproj", "{18C5D4EC-1AFE-4D86-961F-B2BB8139AD8F}"
EndProject
Project("{FAE04EC0-301F-11D3-BF4B-00C04F79EFBC}") = "DemoMapas.iOS", "DemoMapas\DemoMapas.iOS\DemoMapas.iOS.csproj", "{17D8538D-B571-4B74-9B8A-B0F3D3BAD0E0}"
EndProject
Project("{FAE04EC0-301F-11D3-BF4B-00C04F79EFBC}") = "DemoMapas", "DemoMapas\DemoMapas\DemoMapas.csproj", "{9CB2467B-EC4E-456C-BE47-F29535527269}"
EndProject
Global
	GlobalSection(SolutionConfigurationPlatforms) = preSolution
		Debug|Any CPU = Debug|Any CPU
		Debug|ARM = Debug|ARM
		Debug|iPhone = Debug|iPhone
		Debug|iPhoneSimulator = Debug|iPhoneSimulator
		Debug|x64 = Debug|x64
		Debug|x86 = Debug|x86
		Release|Any CPU = Release|Any CPU
		Release|ARM = Release|ARM
		Release|iPhone = Release|iPhone
		Release|iPhoneSimulator = Release|iPhoneSimulator
		Release|x64 = Release|x64
		Release|x86 = Release|x86
	EndGlobalSection
	GlobalSection(ProjectConfigurationPlatforms) = postSolution
		{8E62BAC5-BFEA-4FE1-992A-1B1473D54CC1}.Debug|Any CPU.ActiveCfg = Debug|x86
		{8E62BAC5-BFEA-4FE1-992A-1B1473D54CC1}.Debug|Any CPU.Build.0 = Debug|x86
		{8E62BAC5-BFEA-4FE1-992A-1B1473D54CC1}.Debug|Any CPU.Deploy.0 = Debug|x86
		{8E62BAC5-BFEA-4FE1-992A-1B1473D54CC1}.Debug|ARM.ActiveCfg = Debug|ARM
		{8E62BAC5-BFEA-4FE1-992A-1B1473D54CC1}.Debug|ARM.Build.0 = Debug|ARM
		{8E62BAC5-BFEA-4FE1-992A-1B1473D54CC1}.Debug|ARM.Deploy.0 = Debug|ARM
		{8E62BAC5-BFEA-4FE1-992A-1B1473D54CC1}.Debug|iPhone.ActiveCfg = Debug|x86
		{8E62BAC5-BFEA-4FE1-992A-1B1473D54CC1}.Debug|iPhone.Build.0 = Debug|x86
		{8E62BAC5-BFEA-4FE1-992A-1B1473D54CC1}.Debug|iPhone.Deploy.0 = Debug|x86
		{8E62BAC5-BFEA-4FE1-992A-1B1473D54CC1}.Debug|iPhoneSimulator.ActiveCfg = Debug|x86
		{8E62BAC5-BFEA-4FE1-992A-1B1473D54CC1}.Debug|iPhoneSimulator.Build.0 = Debug|x86
		{8E62BAC5-BFEA-4FE1-992A-1B1473D54CC1}.Debug|iPhoneSimulator.Deploy.0 = Debug|x86
		{8E62BAC5-BFEA-4FE1-992A-1B1473D54CC1}.Debug|x64.ActiveCfg = Debug|x64
		{8E62BAC5-BFEA-4FE1-992A-1B1473D54CC1}.Debug|x64.Build.0 = Debug|x64
		{8E62BAC5-BFEA-4FE1-992A-1B1473D54CC1}.Debug|x64.Deploy.0 = Debug|x64
		{8E62BAC5-BFEA-4FE1-992A-1B1473D54CC1}.Debug|x86.ActiveCfg = Debug|x86
		{8E62BAC5-BFEA-4FE1-992A-1B1473D54CC1}.Debug|x86.Build.0 = Debug|x86
		{8E62BAC5-BFEA-4FE1-992A-1B1473D54CC1}.Debug|x86.Deploy.0 = Debug|x86
		{8E62BAC5-BFEA-4FE1-992A-1B1473D54CC1}.Release|Any CPU.ActiveCfg = Release|x86
		{8E62BAC5-BFEA-4FE1-992A-1B1473D54CC1}.Release|Any CPU.Build.0 = Release|x86
		{8E62BAC5-BFEA-4FE1-992A-1B1473D54CC1}.Release|Any CPU.Deploy.0 = Release|x86
		{8E62BAC5-BFEA-4FE1-992A-1B1473D54CC1}.Release|ARM.ActiveCfg = Release|ARM
		{8E62BAC5-BFEA-4FE1-992A-1B1473D54CC1}.Release|ARM.Build.0 = Release|ARM
		{8E62BAC5-BFEA-4FE1-992A-1B1473D54CC1}.Release|ARM.Deploy.0 = Release|ARM
		{8E62BAC5-BFEA-4FE1-992A-1B1473D54CC1}.Release|iPhone.ActiveCfg = Release|x86
		{8E62BAC5-BFEA-4FE1-992A-1B1473D54CC1}.Release|iPhone.Build.0 = Release|x86
		{8E62BAC5-BFEA-4FE1-992A-1B1473D54CC1}.Release|iPhone.Deploy.0 = Release|x86
		{8E62BAC5-BFEA-4FE1-992A-1B1473D54CC1}.Release|iPhoneSimulator.ActiveCfg = Release|x86
		{8E62BAC5-BFEA-4FE1-992A-1B1473D54CC1}.Release|iPhoneSimulator.Build.0 = Release|x86
		{8E62BAC5-BFEA-4FE1-992A-1B1473D54CC1}.Release|iPhoneSimulator.Deploy.0 = Release|x86
		{8E62BAC5-BFEA-4FE1-992A-1B1473D54CC1}.Release|x64.ActiveCfg = Release|x64
		{8E62BAC5-BFEA-4FE1-992A-1B1473D54CC1}.Release|x64.Build.0 = Release|x64
		{8E62BAC5-BFEA-4FE1-992A-1B1473D54CC1}.Release|x64.Deploy.0 = Release|x64
		{8E62BAC5-BFEA-4FE1-992A-1B1473D54CC1}.Release|x86.ActiveCfg = Release|x86
		{8E62BAC5-BFEA-4FE1-992A-1B1473D54CC1}.Release|x86.Build.0 = Release|x86
		{8E62BAC5-BFEA-4FE1-992A-1B1473D54CC1}.Release|x86.Deploy.0 = Release|x86
		{18C5D4EC-1AFE-4D86-961F-B2BB8139AD8F}.Debug|Any CPU.ActiveCfg = Debug|Any CPU
		{18C5D4EC-1AFE-4D86-961F-B2BB8139AD8F}.Debug|Any CPU.Build.0 = Debug|Any CPU
		{18C5D4EC-1AFE-4D86-961F-B2BB8139AD8F}.Debug|Any CPU.Deploy.0 = Debug|Any CPU
		{18C5D4EC-1AFE-4D86-961F-B2BB8139AD8F}.Debug|ARM.ActiveCfg = Debug|Any CPU
		{18C5D4EC-1AFE-4D86-961F-B2BB8139AD8F}.Debug|ARM.Build.0 = Debug|Any CPU
		{18C5D4EC-1AFE-4D86-961F-B2BB8139AD8F}.Debug|ARM.Deploy.0 = Debug|Any CPU
		{18C5D4EC-1AFE-4D86-961F-B2BB8139AD8F}.Debug|iPhone.ActiveCfg = Debug|Any CPU
		{18C5D4EC-1AFE-4D86-961F-B2BB8139AD8F}.Debug|iPhone.Build.0 = Debug|Any CPU
		{18C5D4EC-1AFE-4D86-961F-B2BB8139AD8F}.Debug|iPhone.Deploy.0 = Debug|Any CPU
		{18C5D4EC-1AFE-4D86-961F-B2BB8139AD8F}.Debug|iPhoneSimulator.ActiveCfg = Debug|Any CPU
		{18C5D4EC-1AFE-4D86-961F-B2BB8139AD8F}.Debug|iPhoneSimulator.Build.0 = Debug|Any CPU
		{18C5D4EC-1AFE-4D86-961F-B2BB8139AD8F}.Debug|iPhoneSimulator.Deploy.0 = Debug|Any CPU
		{18C5D4EC-1AFE-4D86-961F-B2BB8139AD8F}.Debug|x64.ActiveCfg = Debug|Any CPU
		{18C5D4EC-1AFE-4D86-961F-B2BB8139AD8F}.Debug|x64.Build.0 = Debug|Any CPU
		{18C5D4EC-1AFE-4D86-961F-B2BB8139AD8F}.Debug|x64.Deploy.0 = Debug|Any CPU
		{18C5D4EC-1AFE-4D86-961F-B2BB8139AD8F}.Debug|x86.ActiveCfg = Debug|Any CPU
		{18C5D4EC-1AFE-4D86-961F-B2BB8139AD8F}.Debug|x86.Build.0 = Debug|Any CPU
		{18C5D4EC-1AFE-4D86-961F-B2BB8139AD8F}.Debug|x86.Deploy.0 = Debug|Any CPU
		{18C5D4EC-1AFE-4D86-961F-B2BB8139AD8F}.Release|Any CPU.ActiveCfg = Release|Any CPU
		{18C5D4EC-1AFE-4D86-961F-B2BB8139AD8F}.Release|Any CPU.Build.0 = Release|Any CPU
		{18C5D4EC-1AFE-4D86-961F-B2BB8139AD8F}.Release|Any CPU.Deploy.0 = Release|Any CPU
		{18C5D4EC-1AFE-4D86-961F-B2BB8139AD8F}.Release|ARM.ActiveCfg = Release|Any CPU
		{18C5D4EC-1AFE-4D86-961F-B2BB8139AD8F}.Release|ARM.Build.0 = Release|Any CPU
		{18C5D4EC-1AFE-4D86-961F-B2BB8139AD8F}.Release|ARM.Deploy.0 = Release|Any CPU
		{18C5D4EC-1AFE-4D86-961F-B2BB8139AD8F}.Release|iPhone.ActiveCfg = Release|Any CPU
		{18C5D4EC-1AFE-4D86-961F-B2BB8139AD8F}.Release|iPhone.Build.0 = Release|Any CPU
		{18C5D4EC-1AFE-4D86-961F-B2BB8139AD8F}.Release|iPhone.Deploy.0 = Release|Any CPU
		{18C5D4EC-1AFE-4D86-961F-B2BB8139AD8F}.Release|iPhoneSimulator.ActiveCfg = Release|Any CPU
		{18C5D4EC-1AFE-4D86-961F-B2BB8139AD8F}.Release|iPhoneSimulator.Build.0 = Release|Any CPU
		{18C5D4EC-1AFE-4D86-961F-B2BB8139AD8F}.Release|iPhoneSimulator.Deploy.0 = Release|Any CPU
		{18C5D4EC-1AFE-4D86-961F-B2BB8139AD8F}.Release|x64.ActiveCfg = Release|Any CPU
		{18C5D4EC-1AFE-4D86-961F-B2BB8139AD8F}.Release|x64.Build.0 = Release|Any CPU
		{18C5D4EC-1AFE-4D86-961F-B2BB8139AD8F}.Release|x64.Deploy.0 = Release|Any CPU
		{18C5D4EC-1AFE-4D86-961F-B2BB8139AD8F}.Release|x86.ActiveCfg = Release|Any CPU
		{18C5D4EC-1AFE-4D86-961F-B2BB8139AD8F}.Release|x86.Build.0 = Release|Any CPU
		{18C5D4EC-1AFE-4D86-961F-B2BB8139AD8F}.Release|x86.Deploy.0 = Release|Any CPU
		{17D8538D-B571-4B74-9B8A-B0F3D3BAD0E0}.Debug|Any CPU.ActiveCfg = Debug|iPhoneSimulator
		{17D8538D-B571-4B74-9B8A-B0F3D3BAD0E0}.Debug|Any CPU.Build.0 = Debug|iPhoneSimulator
		{17D8538D-B571-4B74-9B8A-B0F3D3BAD0E0}.Debug|Any CPU.Deploy.0 = Debug|iPhoneSimulator
		{17D8538D-B571-4B74-9B8A-B0F3D3BAD0E0}.Debug|ARM.ActiveCfg = Debug|iPhone
		{17D8538D-B571-4B74-9B8A-B0F3D3BAD0E0}.Debug|ARM.Build.0 = Debug|iPhone
		{17D8538D-B571-4B74-9B8A-B0F3D3BAD0E0}.Debug|ARM.Deploy.0 = Debug|iPhone
		{17D8538D-B571-4B74-9B8A-B0F3D3BAD0E0}.Debug|iPhone.ActiveCfg = Debug|iPhone
		{17D8538D-B571-4B74-9B8A-B0F3D3BAD0E0}.Debug|iPhone.Build.0 = Debug|iPhone
		{17D8538D-B571-4B74-9B8A-B0F3D3BAD0E0}.Debug|iPhone.Deploy.0 = Debug|iPhone
		{17D8538D-B571-4B74-9B8A-B0F3D3BAD0E0}.Debug|iPhoneSimulator.ActiveCfg = Debug|iPhoneSimulator
		{17D8538D-B571-4B74-9B8A-B0F3D3BAD0E0}.Debug|iPhoneSimulator.Build.0 = Debug|iPhoneSimulator
		{17D8538D-B571-4B74-9B8A-B0F3D3BAD0E0}.Debug|iPhoneSimulator.Deploy.0 = Debug|iPhoneSimulator
		{17D8538D-B571-4B74-9B8A-B0F3D3BAD0E0}.Debug|x64.ActiveCfg = Debug|iPhoneSimulator
		{17D8538D-B571-4B74-9B8A-B0F3D3BAD0E0}.Debug|x64.Build.0 = Debug|iPhoneSimulator
		{17D8538D-B571-4B74-9B8A-B0F3D3BAD0E0}.Debug|x64.Deploy.0 = Debug|iPhoneSimulator
		{17D8538D-B571-4B74-9B8A-B0F3D3BAD0E0}.Debug|x86.ActiveCfg = Debug|iPhoneSimulator
		{17D8538D-B571-4B74-9B8A-B0F3D3BAD0E0}.Debug|x86.Build.0 = Debug|iPhoneSimulator
		{17D8538D-B571-4B74-9B8A-B0F3D3BAD0E0}.Debug|x86.Deploy.0 = Debug|iPhoneSimulator
		{17D8538D-B571-4B74-9B8A-B0F3D3BAD0E0}.Release|Any CPU.ActiveCfg = Release|iPhoneSimulator
		{17D8538D-B571-4B74-9B8A-B0F3D3BAD0E0}.Release|Any CPU.Build.0 = Release|iPhoneSimulator
		{17D8538D-B571-4B74-9B8A-B0F3D3BAD0E0}.Release|Any CPU.Deploy.0 = Release|iPhoneSimulator
		{17D8538D-B571-4B74-9B8A-B0F3D3BAD0E0}.Release|ARM.ActiveCfg = Release|iPhoneSimulator
		{17D8538D-B571-4B74-9B8A-B0F3D3BAD0E0}.Release|ARM.Build.0 = Release|iPhoneSimulator
		{17D8538D-B571-4B74-9B8A-B0F3D3BAD0E0}.Release|ARM.Deploy.0 = Release|iPhoneSimulator
		{17D8538D-B571-4B74-9B8A-B0F3D3BAD0E0}.Release|iPhone.ActiveCfg = Release|iPhone
		{17D8538D-B571-4B74-9B8A-B0F3D3BAD0E0}.Release|iPhone.Build.0 = Release|iPhone
		{17D8538D-B571-4B74-9B8A-B0F3D3BAD0E0}.Release|iPhone.Deploy.0 = Release|iPhone
		{17D8538D-B571-4B74-9B8A-B0F3D3BAD0E0}.Release|iPhoneSimulator.ActiveCfg = Release|iPhoneSimulator
		{17D8538D-B571-4B74-9B8A-B0F3D3BAD0E0}.Release|iPhoneSimulator.Build.0 = Release|iPhoneSimulator
		{17D8538D-B571-4B74-9B8A-B0F3D3BAD0E0}.Release|iPhoneSimulator.Deploy.0 = Release|iPhoneSimulator
		{17D8538D-B571-4B74-9B8A-B0F3D3BAD0E0}.Release|x64.ActiveCfg = Release|iPhoneSimulator
		{17D8538D-B571-4B74-9B8A-B0F3D3BAD0E0}.Release|x64.Build.0 = Release|iPhoneSimulator
		{17D8538D-B571-4B74-9B8A-B0F3D3BAD0E0}.Release|x64.Deploy.0 = Release|iPhoneSimulator
		{17D8538D-B571-4B74-9B8A-B0F3D3BAD0E0}.Release|x86.ActiveCfg = Release|iPhoneSimulator
		{17D8538D-B571-4B74-9B8A-B0F3D3BAD0E0}.Release|x86.Build.0 = Release|iPhoneSimulator
		{17D8538D-B571-4B74-9B8A-B0F3D3BAD0E0}.Release|x86.Deploy.0 = Release|iPhoneSimulator
		{9CB2467B-EC4E-456C-BE47-F29535527269}.Debug|Any CPU.ActiveCfg = Debug|Any CPU
		{9CB2467B-EC4E-456C-BE47-F29535527269}.Debug|Any CPU.Build.0 = Debug|Any CPU
		{9CB2467B-EC4E-456C-BE47-F29535527269}.Debug|Any CPU.Deploy.0 = Debug|Any CPU
		{9CB2467B-EC4E-456C-BE47-F29535527269}.Debug|ARM.ActiveCfg = Debug|Any CPU
		{9CB2467B-EC4E-456C-BE47-F29535527269}.Debug|ARM.Build.0 = Debug|Any CPU
		{9CB2467B-EC4E-456C-BE47-F29535527269}.Debug|ARM.Deploy.0 = Debug|Any CPU
		{9CB2467B-EC4E-456C-BE47-F29535527269}.Debug|iPhone.ActiveCfg = Debug|Any CPU
		{9CB2467B-EC4E-456C-BE47-F29535527269}.Debug|iPhone.Build.0 = Debug|Any CPU
		{9CB2467B-EC4E-456C-BE47-F29535527269}.Debug|iPhone.Deploy.0 = Debug|Any CPU
		{9CB2467B-EC4E-456C-BE47-F29535527269}.Debug|iPhoneSimulator.ActiveCfg = Debug|Any CPU
		{9CB2467B-EC4E-456C-BE47-F29535527269}.Debug|iPhoneSimulator.Build.0 = Debug|Any CPU
		{9CB2467B-EC4E-456C-BE47-F29535527269}.Debug|iPhoneSimulator.Deploy.0 = Debug|Any CPU
		{9CB2467B-EC4E-456C-BE47-F29535527269}.Debug|x64.ActiveCfg = Debug|Any CPU
		{9CB2467B-EC4E-456C-BE47-F29535527269}.Debug|x64.Build.0 = Debug|Any CPU
		{9CB2467B-EC4E-456C-BE47-F29535527269}.Debug|x64.Deploy.0 = Debug|Any CPU
		{9CB2467B-EC4E-456C-BE47-F29535527269}.Debug|x86.ActiveCfg = Debug|Any CPU
		{9CB2467B-EC4E-456C-BE47-F29535527269}.Debug|x86.Build.0 = Debug|Any CPU
		{9CB2467B-EC4E-456C-BE47-F29535527269}.Debug|x86.Deploy.0 = Debug|Any CPU
		{9CB2467B-EC4E-456C-BE47-F29535527269}.Release|Any CPU.ActiveCfg = Release|Any CPU
		{9CB2467B-EC4E-456C-BE47-F29535527269}.Release|Any CPU.Build.0 = Release|Any CPU
		{9CB2467B-EC4E-456C-BE47-F29535527269}.Release|Any CPU.Deploy.0 = Release|Any CPU
		{9CB2467B-EC4E-456C-BE47-F29535527269}.Release|ARM.ActiveCfg = Release|Any CPU
		{9CB2467B-EC4E-456C-BE47-F29535527269}.Release|ARM.Build.0 = Release|Any CPU
		{9CB2467B-EC4E-456C-BE47-F29535527269}.Release|ARM.Deploy.0 = Release|Any CPU
		{9CB2467B-EC4E-456C-BE47-F29535527269}.Release|iPhone.ActiveCfg = Release|Any CPU
		{9CB2467B-EC4E-456C-BE47-F29535527269}.Release|iPhone.Build.0 = Release|Any CPU
		{9CB2467B-EC4E-456C-BE47-F29535527269}.Release|iPhone.Deploy.0 = Release|Any CPU
		{9CB2467B-EC4E-456C-BE47-F29535527269}.Release|iPhoneSimulator.ActiveCfg = Release|Any CPU
		{9CB2467B-EC4E-456C-BE47-F29535527269}.Release|iPhoneSimulator.Build.0 = Release|Any CPU
		{9CB2467B-EC4E-456C-BE47-F29535527269}.Release|iPhoneSimulator.Deploy.0 = Release|Any CPU
		{9CB2467B-EC4E-456C-BE47-F29535527269}.Release|x64.ActiveCfg = Release|Any CPU
		{9CB2467B-EC4E-456C-BE47-F29535527269}.Release|x64.Build.0 = Release|Any CPU
		{9CB2467B-EC4E-456C-BE47-F29535527269}.Release|x64.Deploy.0 = Release|Any CPU
		{9CB2467B-EC4E-456C-BE47-F29535527269}.Release|x86.ActiveCfg = Release|Any CPU
		{9CB2467B-EC4E-456C-BE47-F29535527269}.Release|x86.Build.0 = Release|Any CPU
		{9CB2467B-EC4E-456C-BE47-F29535527269}.Release|x86.Deploy.0 = Release|Any CPU
	EndGlobalSection
	GlobalSection(SolutionProperties) = preSolution
		HideSolutionNode = FALSE
	EndGlobalSection
	GlobalSection(ExtensibilityGlobals) = postSolution
		SolutionGuid = {6C30E7CC-9431-431B-9ACB-2EE4A0537F3E}
	EndGlobalSection
EndGlobal
